
Microsoft Visual Studio Solution File, Format Version 12.00
# Visual Studio 15
VisualStudioVersion = 15.0.28010.2026
MinimumVisualStudioVersion = 10.0.40219.1
Project("{9A19103F-16F7-4668-BE54-9A1E7A4F7556}") = "AdvantagePlatform", "src\AdvantagePlatform.csproj", "{763B9453-277A-4606-AED6-7155432157A7}"
EndProject
Project("{2150E333-8FDC-42A3-9474-1A3956D46DE8}") = "Solution Items", "Solution Items", "{42651CDA-5757-4EEC-85CF-88C3F2281FD1}"
	ProjectSection(SolutionItems) = preProject
		README.md = README.md
	EndProjectSection
EndProject
Project("{9A19103F-16F7-4668-BE54-9A1E7A4F7556}") = "LtiAdvantage", "..\LtiAdvantage\src\LtiAdvantage\LtiAdvantage.csproj", "{9CF5D26C-B002-48F8-BC08-77DBE61B3FF2}"
EndProject
Project("{FAE04EC0-301F-11D3-BF4B-00C04F79EFBC}") = "LtiAdvantagePlatform", "LtiAdvantagePlatform\LtiAdvantagePlatform.csproj", "{B038D131-9672-440E-8A0B-0F552CFAE1F2}"
EndProject
Project("{FAE04EC0-301F-11D3-BF4B-00C04F79EFBC}") = "LtiAdvantage.AspNetCore", "..\LtiAdvantage\src\LtiAdvantage.AspNetCore\LtiAdvantage.AspNetCore.csproj", "{273C72FF-5A0C-4AB8-9CDB-26D972BF947C}"
EndProject
Project("{FAE04EC0-301F-11D3-BF4B-00C04F79EFBC}") = "LtiAdvantage.IdentityModel", "..\LtiAdvantage\src\LtiAdvantage.IdentityModel\LtiAdvantage.IdentityModel.csproj", "{53455607-9A80-4F72-8783-E94A976EAED8}"
EndProject
Global
	GlobalSection(SolutionConfigurationPlatforms) = preSolution
		Debug|Any CPU = Debug|Any CPU
		Release|Any CPU = Release|Any CPU
	EndGlobalSection
	GlobalSection(ProjectConfigurationPlatforms) = postSolution
		{763B9453-277A-4606-AED6-7155432157A7}.Debug|Any CPU.ActiveCfg = Debug|Any CPU
		{763B9453-277A-4606-AED6-7155432157A7}.Debug|Any CPU.Build.0 = Debug|Any CPU
		{763B9453-277A-4606-AED6-7155432157A7}.Release|Any CPU.ActiveCfg = Release|Any CPU
		{763B9453-277A-4606-AED6-7155432157A7}.Release|Any CPU.Build.0 = Release|Any CPU
		{9CF5D26C-B002-48F8-BC08-77DBE61B3FF2}.Debug|Any CPU.ActiveCfg = Debug|Any CPU
		{9CF5D26C-B002-48F8-BC08-77DBE61B3FF2}.Debug|Any CPU.Build.0 = Debug|Any CPU
		{9CF5D26C-B002-48F8-BC08-77DBE61B3FF2}.Release|Any CPU.ActiveCfg = Release|Any CPU
		{9CF5D26C-B002-48F8-BC08-77DBE61B3FF2}.Release|Any CPU.Build.0 = Release|Any CPU
		{B038D131-9672-440E-8A0B-0F552CFAE1F2}.Debug|Any CPU.ActiveCfg = Debug|Any CPU
		{B038D131-9672-440E-8A0B-0F552CFAE1F2}.Debug|Any CPU.Build.0 = Debug|Any CPU
		{B038D131-9672-440E-8A0B-0F552CFAE1F2}.Release|Any CPU.ActiveCfg = Release|Any CPU
		{B038D131-9672-440E-8A0B-0F552CFAE1F2}.Release|Any CPU.Build.0 = Release|Any CPU
		{273C72FF-5A0C-4AB8-9CDB-26D972BF947C}.Debug|Any CPU.ActiveCfg = Debug|Any CPU
		{273C72FF-5A0C-4AB8-9CDB-26D972BF947C}.Debug|Any CPU.Build.0 = Debug|Any CPU
		{273C72FF-5A0C-4AB8-9CDB-26D972BF947C}.Release|Any CPU.ActiveCfg = Release|Any CPU
		{273C72FF-5A0C-4AB8-9CDB-26D972BF947C}.Release|Any CPU.Build.0 = Release|Any CPU
		{53455607-9A80-4F72-8783-E94A976EAED8}.Debug|Any CPU.ActiveCfg = Debug|Any CPU
		{53455607-9A80-4F72-8783-E94A976EAED8}.Debug|Any CPU.Build.0 = Debug|Any CPU
		{53455607-9A80-4F72-8783-E94A976EAED8}.Release|Any CPU.ActiveCfg = Release|Any CPU
		{53455607-9A80-4F72-8783-E94A976EAED8}.Release|Any CPU.Build.0 = Release|Any CPU
	EndGlobalSection
	GlobalSection(SolutionProperties) = preSolution
		HideSolutionNode = FALSE
	EndGlobalSection
	GlobalSection(ExtensibilityGlobals) = postSolution
		SolutionGuid = {B2677DC3-769E-4588-A80F-FBBBEBDDA3F4}
	EndGlobalSection
EndGlobal
